// !$*UTF8*$!
{
	archiveVersion = 1;
	classes = {
	};
	objectVersion = 77;
	objects = {

/* Begin PBXContainerItemProxy section */
		CD37EBDB2FC4FB70005D26CF /* PBXContainerItemProxy */ = {
			isa = PBXContainerItemProxy;
			containerPortal = CD37EBC32FC4FB6D005D26CF /* Project object */;
			proxyType = 1;
			remoteGlobalIDString = CD37EBCA2FC4FB6D005D26CF;
			remoteInfo = "actividad-reto";
		};
		CD37EBE52FC4FB70005D26CF /* PBXContainerItemProxy */ = {
			isa = PBXContainerItemProxy;
			containerPortal = CD37EBC32FC4FB6D005D26CF /* Project object */;
			proxyType = 1;
			remoteGlobalIDString = CD37EBCA2FC4FB6D005D26CF;
			remoteInfo = "actividad-reto";
		};
/* End PBXContainerItemProxy section */

/* Begin PBXFileReference section */
		CD37EBCB2FC4FB6D005D26CF /* actividad-reto.app */ = {isa = PBXFileReference; explicitFileType = wrapper.application; includeInIndex = 0; path = "actividad-reto.app"; sourceTree = BUILT_PRODUCTS_DIR; };
		CD37EBDA2FC4FB70005D26CF /* actividad-retoTests.xctest */ = {isa = PBXFileReference; explicitFileType = wrapper.cfbundle; includeInIndex = 0; path = "actividad-retoTests.xctest"; sourceTree = BUILT_PRODUCTS_DIR; };
		CD37EBE42FC4FB70005D26CF /* actividad-retoUITests.xctest */ = {isa = PBXFileReference; explicitFileType = wrapper.cfbundle; includeInIndex = 0; path = "actividad-retoUITests.xctest"; sourceTree = BUILT_PRODUCTS_DIR; };
/* End PBXFileReference section */

/* Begin PBXFileSystemSynchronizedRootGroup section */
		CD37EBCD2FC4FB6D005D26CF /* actividad-reto */ = {
			isa = PBXFileSystemSynchronizedRootGroup;
			path = "actividad-reto";
			sourceTree = "<group>";
		};
		CD37EBDD2FC4FB70005D26CF /* actividad-retoTests */ = {
			isa = PBXFileSystemSynchronizedRootGroup;
			path = "actividad-retoTests";
			sourceTree = "<group>";
		};
		CD37EBE72FC4FB70005D26CF /* actividad-retoUITests */ = {
			isa = PBXFileSystemSynchronizedRootGroup;
			path = "actividad-retoUITests";
			sourceTree = "<group>";
		};
/* End PBXFileSystemSynchronizedRootGroup section */

/* Begin PBXFrameworksBuildPhase section */
		CD37EBC82FC4FB6D005D26CF /* Frameworks */ = {
			isa = PBXFrameworksBuildPhase;
			buildActionMask = 2147483647;
			files = (
			);
			runOnlyForDeploymentPostprocessing = 0;
		};
		CD37EBD72FC4FB70005D26CF /* Frameworks */ = {
			isa = PBXFrameworksBuildPhase;
			buildActionMask = 2147483647;
			files = (
			);
			runOnlyForDeploymentPostprocessing = 0;
		};
		CD37EBE12FC4FB70005D26CF /* Frameworks */ = {
			isa = PBXFrameworksBuildPhase;
			buildActionMask = 2147483647;
			files = (
			);
			runOnlyForDeploymentPostprocessing = 0;
		};
/* End PBXFrameworksBuildPhase section */

/* Begin PBXGroup section */
		CD37EBC22FC4FB6D005D26CF = {
			isa = PBXGroup;
			children = (
				CD37EBCD2FC4FB6D005D26CF /* actividad-reto */,
				CD37EBDD2FC4FB70005D26CF /* actividad-retoTests */,
				CD37EBE72FC4FB70005D26CF /* actividad-retoUITests */,
				CD37EBCC2FC4FB6D005D26CF /* Products */,
			);
			sourceTree = "<group>";
		};
		CD37EBCC2FC4FB6D005D26CF /* Products */ = {
			isa = PBXGroup;
			children = (
				CD37EBCB2FC4FB6D005D26CF /* actividad-reto.app */,
				CD37EBDA2FC4FB70005D26CF /* actividad-retoTests.xctest */,
				CD37EBE42FC4FB70005D26CF /* actividad-retoUITests.xctest */,
			);
			name = Products;
			sourceTree = "<group>";
		};
/* End PBXGroup section */

/* Begin PBXNativeTarget section */
		CD37EBCA2FC4FB6D005D26CF /* actividad-reto */ = {
			isa = PBXNativeTarget;
			buildConfigurationList = CD37EBEE2FC4FB70005D26CF /* Build configuration list for PBXNativeTarget "actividad-reto" */;
			buildPhases = (
				CD37EBC72FC4FB6D005D26CF /* Sources */,
				CD37EBC82FC4FB6D005D26CF /* Frameworks */,
				CD37EBC92FC4FB6D005D26CF /* Resources */,
			);
			buildRules = (
			);
			dependencies = (
			);
			fileSystemSynchronizedGroups = (
				CD37EBCD2FC4FB6D005D26CF /* actividad-reto */,
			);
			name = "actividad-reto";
			packageProductDependencies = (
			);
			productName = "actividad-reto";
			productReference = CD37EBCB2FC4FB6D005D26CF /* actividad-reto.app */;
			productType = "com.apple.product-type.application";
		};
		CD37EBD92FC4FB70005D26CF /* actividad-retoTests */ = {
			isa = PBXNativeTarget;
			buildConfigurationList = CD37EBF12FC4FB70005D26CF /* Build configuration list for PBXNativeTarget "actividad-retoTests" */;
			buildPhases = (
				CD37EBD62FC4FB70005D26CF /* Sources */,
				CD37EBD72FC4FB70005D26CF /* Frameworks */,
				CD37EBD82FC4FB70005D26CF /* Resources */,
			);
			buildRules = (
			);
			dependencies = (
				CD37EBDC2FC4FB70005D26CF /* PBXTargetDependency */,
			);
			fileSystemSynchronizedGroups = (
				CD37EBDD2FC4FB70005D26CF /* actividad-retoTests */,
			);
			name = "actividad-retoTests";
			packageProductDependencies = (
			);
			productName = "actividad-retoTests";
			productReference = CD37EBDA2FC4FB70005D26CF /* actividad-retoTests.xctest */;
			productType = "com.apple.product-type.bundle.unit-test";
		};
		CD37EBE32FC4FB70005D26CF /* actividad-retoUITests */ = {
			isa = PBXNativeTarget;
			buildConfigurationList = CD37EBF42FC4FB70005D26CF /* Build configuration list for PBXNativeTarget "actividad-retoUITests" */;
			buildPhases = (
				CD37EBE02FC4FB70005D26CF /* Sources */,
				CD37EBE12FC4FB70005D26CF /* Frameworks */,
				CD37EBE22FC4FB70005D26CF /* Resources */,
			);
			buildRules = (
			);
			dependencies = (
				CD37EBE62FC4FB70005D26CF /* PBXTargetDependency */,
			);
			fileSystemSynchronizedGroups = (
				CD37EBE72FC4FB70005D26CF /* actividad-retoUITests */,
			);
			name = "actividad-retoUITests";
			packageProductDependencies = (
			);
			productName = "actividad-retoUITests";
			productReference = CD37EBE42FC4FB70005D26CF /* actividad-retoUITests.xctest */;
			productType = "com.apple.product-type.bundle.ui-testing";
		};
/* End PBXNativeTarget section */

/* Begin PBXProject section */
		CD37EBC32FC4FB6D005D26CF /* Project object */ = {
			isa = PBXProject;
			attributes = {
				BuildIndependentTargetsInParallel = 1;
				LastSwiftUpdateCheck = 2630;
				LastUpgradeCheck = 2630;
				TargetAttributes = {
					CD37EBCA2FC4FB6D005D26CF = {
						CreatedOnToolsVersion = 26.3;
					};
					CD37EBD92FC4FB70005D26CF = {
						CreatedOnToolsVersion = 26.3;
						TestTargetID = CD37EBCA2FC4FB6D005D26CF;
					};
					CD37EBE32FC4FB70005D26CF = {
						CreatedOnToolsVersion = 26.3;
						TestTargetID = CD37EBCA2FC4FB6D005D26CF;
					};
				};
			};
			buildConfigurationList = CD37EBC62FC4FB6D005D26CF /* Build configuration list for PBXProject "actividad-reto" */;
			developmentRegion = en;
			hasScannedForEncodings = 0;
			knownRegions = (
				en,
				Base,
			);
			mainGroup = CD37EBC22FC4FB6D005D26CF;
			minimizedProjectReferenceProxies = 1;
			preferredProjectObjectVersion = 77;
			productRefGroup = CD37EBCC2FC4FB6D005D26CF /* Products */;
			projectDirPath = "";
			projectRoot = "";
			targets = (
				CD37EBCA2FC4FB6D005D26CF /* actividad-reto */,
				CD37EBD92FC4FB70005D26CF /* actividad-retoTests */,
				CD37EBE32FC4FB70005D26CF /* actividad-retoUITests */,
			);
		};
/* End PBXProject section */

/* Begin PBXResourcesBuildPhase section */
		CD37EBC92FC4FB6D005D26CF /* Resources */ = {
			isa = PBXResourcesBuildPhase;
			buildActionMask = 2147483647;
			files = (
			);
			runOnlyForDeploymentPostprocessing = 0;
		};
		CD37EBD82FC4FB70005D26CF /* Resources */ = {
			isa = PBXResourcesBuildPhase;
			buildActionMask = 2147483647;
			files = (
			);
			runOnlyForDeploymentPostprocessing = 0;
		};
		CD37EBE22FC4FB70005D26CF /* Resources */ = {
			isa = PBXResourcesBuildPhase;
			buildActionMask = 2147483647;
			files = (
			);
			runOnlyForDeploymentPostprocessing = 0;
		};
/* End PBXResourcesBuildPhase section */

/* Begin PBXSourcesBuildPhase section */
		CD37EBC72FC4FB6D005D26CF /* Sources */ = {
			isa = PBXSourcesBuildPhase;
			buildActionMask = 2147483647;
			files = (
			);
			runOnlyForDeploymentPostprocessing = 0;
		};
		CD37EBD62FC4FB70005D26CF /* Sources */ = {
			isa = PBXSourcesBuildPhase;
			buildActionMask = 2147483647;
			files = (
			);
			runOnlyForDeploymentPostprocessing = 0;
		};
		CD37EBE02FC4FB70005D26CF /* Sources */ = {
			isa = PBXSourcesBuildPhase;
			buildActionMask = 2147483647;
			files = (
			);
			runOnlyForDeploymentPostprocessing = 0;
		};
/* End PBXSourcesBuildPhase section */

/* Begin PBXTargetDependency section */
		CD37EBDC2FC4FB70005D26CF /* PBXTargetDependency */ = {
			isa = PBXTargetDependency;
			target = CD37EBCA2FC4FB6D005D26CF /* actividad-reto */;
			targetProxy = CD37EBDB2FC4FB70005D26CF /* PBXContainerItemProxy */;
		};
		CD37EBE62FC4FB70005D26CF /* PBXTargetDependency */ = {
			isa = PBXTargetDependency;
			target = CD37EBCA2FC4FB6D005D26CF /* actividad-reto */;
			targetProxy = CD37EBE52FC4FB70005D26CF /* PBXContainerItemProxy */;
		};
/* End PBXTargetDependency section */

/* Begin XCBuildConfiguration section */
		CD37EBEC2FC4FB70005D26CF /* Debug */ = {
			isa = XCBuildConfiguration;
			buildSettings = {
				ALWAYS_SEARCH_USER_PATHS = NO;
				ASSETCATALOG_COMPILER_GENERATE_SWIFT_ASSET_SYMBOL_EXTENSIONS = YES;
				CLANG_ANALYZER_NONNULL = YES;
				CLANG_ANALYZER_NUMBER_OBJECT_CONVERSION = YES_AGGRESSIVE;
				CLANG_CXX_LANGUAGE_STANDARD = "gnu++20";
				CLANG_ENABLE_MODULES = YES;
				CLANG_ENABLE_OBJC_ARC = YES;
				CLANG_ENABLE_OBJC_WEAK = YES;
				CLANG_WARN_BLOCK_CAPTURE_AUTORELEASING = YES;
				CLANG_WARN_BOOL_CONVERSION = YES;
				CLANG_WARN_COMMA = YES;
				CLANG_WARN_CONSTANT_CONVERSION = YES;
				CLANG_WARN_DEPRECATED_OBJC_IMPLEMENTATIONS = YES;
				CLANG_WARN_DIRECT_OBJC_ISA_USAGE = YES_ERROR;
				CLANG_WARN_DOCUMENTATION_COMMENTS = YES;
				CLANG_WARN_EMPTY_BODY = YES;
				CLANG_WARN_ENUM_CONVERSION = YES;
				CLANG_WARN_INFINITE_RECURSION = YES;
				CLANG_WARN_INT_CONVERSION = YES;
				CLANG_WARN_NON_LITERAL_NULL_CONVERSION = YES;
				CLANG_WARN_OBJC_IMPLICIT_RETAIN_SELF = YES;
				CLANG_WARN_OBJC_LITERAL_CONVERSION = YES;
				CLANG_WARN_OBJC_ROOT_CLASS = YES_ERROR;
				CLANG_WARN_QUOTED_INCLUDE_IN_FRAMEWORK_HEADER = YES;
				CLANG_WARN_RANGE_LOOP_ANALYSIS = YES;
				CLANG_WARN_STRICT_PROTOTYPES = YES;
				CLANG_WARN_SUSPICIOUS_MOVE = YES;
				CLANG_WARN_UNGUARDED_AVAILABILITY = YES_AGGRESSIVE;
				CLANG_WARN_UNREACHABLE_CODE = YES;
				CLANG_WARN__DUPLICATE_METHOD_MATCH = YES;
				COPY_PHASE_STRIP = NO;
				DEBUG_INFORMATION_FORMAT = dwarf;
				ENABLE_STRICT_OBJC_MSGSEND = YES;
				ENABLE_TESTABILITY = YES;
				ENABLE_USER_SCRIPT_SANDBOXING = YES;
				GCC_C_LANGUAGE_STANDARD = gnu17;
				GCC_DYNAMIC_NO_PIC = NO;
				GCC_NO_COMMON_BLOCKS = YES;
				GCC_OPTIMIZATION_LEVEL = 0;
				GCC_PREPROCESSOR_DEFINITIONS = (
					"DEBUG=1",
					"$(inherited)",
				);
				GCC_WARN_64_TO_32_BIT_CONVERSION = YES;
				GCC_WARN_ABOUT_RETURN_TYPE = YES_ERROR;
				GCC_WARN_UNDECLARED_SELECTOR = YES;
				GCC_WARN_UNINITIALIZED_AUTOS = YES_AGGRESSIVE;
				GCC_WARN_UNUSED_FUNCTION = YES;
				GCC_WARN_UNUSED_VARIABLE = YES;
				IPHONEOS_DEPLOYMENT_TARGET = 26.2;
				LOCALIZATION_PREFERS_STRING_CATALOGS = YES;
				MTL_ENABLE_DEBUG_INFO = INCLUDE_SOURCE;
				MTL_FAST_MATH = YES;
				ONLY_ACTIVE_ARCH = YES;
				SDKROOT = iphoneos;
				SWIFT_ACTIVE_COMPILATION_CONDITIONS = "DEBUG $(inherited)";
				SWIFT_OPTIMIZATION_LEVEL = "-Onone";
			};
			name = Debug;
		};
		CD37EBED2FC4FB70005D26CF /* Release */ = {
			isa = XCBuildConfiguration;
			buildSettings = {
				ALWAYS_SEARCH_USER_PATHS = NO;
				ASSETCATALOG_COMPILER_GENERATE_SWIFT_ASSET_SYMBOL_EXTENSIONS = YES;
				CLANG_ANALYZER_NONNULL = YES;
				CLANG_ANALYZER_NUMBER_OBJECT_CONVERSION = YES_AGGRESSIVE;
				CLANG_CXX_LANGUAGE_STANDARD = "gnu++20";
				CLANG_ENABLE_MODULES = YES;
				CLANG_ENABLE_OBJC_ARC = YES;
				CLANG_ENABLE_OBJC_WEAK = YES;
				CLANG_WARN_BLOCK_CAPTURE_AUTORELEASING = YES;
				CLANG_WARN_BOOL_CONVERSION = YES;
				CLANG_WARN_COMMA = YES;
				CLANG_WARN_CONSTANT_CONVERSION = YES;
				CLANG_WARN_DEPRECATED_OBJC_IMPLEMENTATIONS = YES;
				CLANG_WARN_DIRECT_OBJC_ISA_USAGE = YES_ERROR;
				CLANG_WARN_DOCUMENTATION_COMMENTS = YES;
				CLANG_WARN_EMPTY_BODY = YES;
				CLANG_WARN_ENUM_CONVERSION = YES;
				CLANG_WARN_INFINITE_RECURSION = YES;
				CLANG_WARN_INT_CONVERSION = YES;
				CLANG_WARN_NON_LITERAL_NULL_CONVERSION = YES;
				CLANG_WARN_OBJC_IMPLICIT_RETAIN_SELF = YES;
				CLANG_WARN_OBJC_LITERAL_CONVERSION = YES;
				CLANG_WARN_OBJC_ROOT_CLASS = YES_ERROR;
				CLANG_WARN_QUOTED_INCLUDE_IN_FRAMEWORK_HEADER = YES;
				CLANG_WARN_RANGE_LOOP_ANALYSIS = YES;
				CLANG_WARN_STRICT_PROTOTYPES = YES;
				CLANG_WARN_SUSPICIOUS_MOVE = YES;
				CLANG_WARN_UNGUARDED_AVAILABILITY = YES_AGGRESSIVE;
				CLANG_WARN_UNREACHABLE_CODE = YES;
				CLANG_WARN__DUPLICATE_METHOD_MATCH = YES;
				COPY_PHASE_STRIP = NO;
				DEBUG_INFORMATION_FORMAT = "dwarf-with-dsym";
				ENABLE_NS_ASSERTIONS = NO;
				ENABLE_STRICT_OBJC_MSGSEND = YES;
				ENABLE_USER_SCRIPT_SANDBOXING = YES;
				GCC_C_LANGUAGE_STANDARD = gnu17;
				GCC_NO_COMMON_BLOCKS = YES;
				GCC_WARN_64_TO_32_BIT_CONVERSION = YES;
				GCC_WARN_ABOUT_RETURN_TYPE = YES_ERROR;
				GCC_WARN_UNDECLARED_SELECTOR = YES;
				GCC_WARN_UNINITIALIZED_AUTOS = YES_AGGRESSIVE;
				GCC_WARN_UNUSED_FUNCTION = YES;
				GCC_WARN_UNUSED_VARIABLE = YES;
				IPHONEOS_DEPLOYMENT_TARGET = 26.2;
				LOCALIZATION_PREFERS_STRING_CATALOGS = YES;
				MTL_ENABLE_DEBUG_INFO = NO;
				MTL_FAST_MATH = YES;
				SDKROOT = iphoneos;
				SWIFT_COMPILATION_MODE = wholemodule;
				VALIDATE_PRODUCT = YES;
			};
			name = Release;
		};
		CD37EBEF2FC4FB70005D26CF /* Debug */ = {
			isa = XCBuildConfiguration;
			buildSettings = {
				ASSETCATALOG_COMPILER_APPICON_NAME = AppIcon;
				ASSETCATALOG_COMPILER_GLOBAL_ACCENT_COLOR_NAME = AccentColor;
				CODE_SIGN_STYLE = Automatic;
				CURRENT_PROJECT_VERSION = 1;
				ENABLE_PREVIEWS = YES;
				GENERATE_INFOPLIST_FILE = YES;
				INFOPLIST_KEY_UIApplicationSceneManifest_Generation = YES;
				INFOPLIST_KEY_UIApplicationSupportsIndirectInputEvents = YES;
				INFOPLIST_KEY_UILaunchScreen_Generation = YES;
				INFOPLIST_KEY_UISupportedInterfaceOrientations_iPad = "UIInterfaceOrientationPortrait UIInterfaceOrientationPortraitUpsideDown UIInterfaceOrientationLandscapeLeft UIInterfaceOrientationLandscapeRight";
				INFOPLIST_KEY_UISupportedInterfaceOrientations_iPhone = "UIInterfaceOrientationPortrait UIInterfaceOrientationLandscapeLeft UIInterfaceOrientationLandscapeRight";
				LD_RUNPATH_SEARCH_PATHS = (
					"$(inherited)",
					"@executable_path/Frameworks",
				);
				MARKETING_VERSION = 1.0;
				PRODUCT_BUNDLE_IDENTIFIER = "tecsup.edu.pe.actividad-reto";
				PRODUCT_NAME = "$(TARGET_NAME)";
				STRING_CATALOG_GENERATE_SYMBOLS = YES;
				SWIFT_APPROACHABLE_CONCURRENCY = YES;
				SWIFT_DEFAULT_ACTOR_ISOLATION = MainActor;
				SWIFT_EMIT_LOC_STRINGS = YES;
				SWIFT_UPCOMING_FEATURE_MEMBER_IMPORT_VISIBILITY = YES;
				SWIFT_VERSION = 5.0;
				TARGETED_DEVICE_FAMILY = "1,2";
			};
			name = Debug;
		};
		CD37EBF02FC4FB70005D26CF /* Release */ = {
			isa = XCBuildConfiguration;
			buildSettings = {
				ASSETCATALOG_COMPILER_APPICON_NAME = AppIcon;
				ASSETCATALOG_COMPILER_GLOBAL_ACCENT_COLOR_NAME = AccentColor;
				CODE_SIGN_STYLE = Automatic;
				CURRENT_PROJECT_VERSION = 1;
				ENABLE_PREVIEWS = YES;
				GENERATE_INFOPLIST_FILE = YES;
				INFOPLIST_KEY_UIApplicationSceneManifest_Generation = YES;
				INFOPLIST_KEY_UIApplicationSupportsIndirectInputEvents = YES;
				INFOPLIST_KEY_UILaunchScreen_Generation = YES;
				INFOPLIST_KEY_UISupportedInterfaceOrientations_iPad = "UIInterfaceOrientationPortrait UIInterfaceOrientationPortraitUpsideDown UIInterfaceOrientationLandscapeLeft UIInterfaceOrientationLandscapeRight";
				INFOPLIST_KEY_UISupportedInterfaceOrientations_iPhone = "UIInterfaceOrientationPortrait UIInterfaceOrientationLandscapeLeft UIInterfaceOrientationLandscapeRight";
				LD_RUNPATH_SEARCH_PATHS = (
					"$(inherited)",
					"@executable_path/Frameworks",
				);
				MARKETING_VERSION = 1.0;
				PRODUCT_BUNDLE_IDENTIFIER = "tecsup.edu.pe.actividad-reto";
				PRODUCT_NAME = "$(TARGET_NAME)";
				STRING_CATALOG_GENERATE_SYMBOLS = YES;
				SWIFT_APPROACHABLE_CONCURRENCY = YES;
				SWIFT_DEFAULT_ACTOR_ISOLATION = MainActor;
				SWIFT_EMIT_LOC_STRINGS = YES;
				SWIFT_UPCOMING_FEATURE_MEMBER_IMPORT_VISIBILITY = YES;
				SWIFT_VERSION = 5.0;
				TARGETED_DEVICE_FAMILY = "1,2";
			};
			name = Release;
		};
		CD37EBF22FC4FB70005D26CF /* Debug */ = {
			isa = XCBuildConfiguration;
			buildSettings = {
				BUNDLE_LOADER = "$(TEST_HOST)";
				CODE_SIGN_STYLE = Automatic;
				CURRENT_PROJECT_VERSION = 1;
				GENERATE_INFOPLIST_FILE = YES;
				IPHONEOS_DEPLOYMENT_TARGET = 26.2;
				MARKETING_VERSION = 1.0;
				PRODUCT_BUNDLE_IDENTIFIER = "tecsup.edu.pe.actividad-retoTests";
				PRODUCT_NAME = "$(TARGET_NAME)";
				STRING_CATALOG_GENERATE_SYMBOLS = NO;
				SWIFT_APPROACHABLE_CONCURRENCY = YES;
				SWIFT_EMIT_LOC_STRINGS = NO;
				SWIFT_UPCOMING_FEATURE_MEMBER_IMPORT_VISIBILITY = YES;
				SWIFT_VERSION = 5.0;
				TARGETED_DEVICE_FAMILY = "1,2";
				TEST_HOST = "$(BUILT_PRODUCTS_DIR)/actividad-reto.app/$(BUNDLE_EXECUTABLE_FOLDER_PATH)/actividad-reto";
			};
			name = Debug;
		};
		CD37EBF32FC4FB70005D26CF /* Release */ = {
			isa = XCBuildConfiguration;
			buildSettings = {
				BUNDLE_LOADER = "$(TEST_HOST)";
				CODE_SIGN_STYLE = Automatic;
				CURRENT_PROJECT_VERSION = 1;
				GENERATE_INFOPLIST_FILE = YES;
				IPHONEOS_DEPLOYMENT_TARGET = 26.2;
				MARKETING_VERSION = 1.0;
				PRODUCT_BUNDLE_IDENTIFIER = "tecsup.edu.pe.actividad-retoTests";
				PRODUCT_NAME = "$(TARGET_NAME)";
				STRING_CATALOG_GENERATE_SYMBOLS = NO;
				SWIFT_APPROACHABLE_CONCURRENCY = YES;
				SWIFT_EMIT_LOC_STRINGS = NO;
				SWIFT_UPCOMING_FEATURE_MEMBER_IMPORT_VISIBILITY = YES;
				SWIFT_VERSION = 5.0;
				TARGETED_DEVICE_FAMILY = "1,2";
				TEST_HOST = "$(BUILT_PRODUCTS_DIR)/actividad-reto.app/$(BUNDLE_EXECUTABLE_FOLDER_PATH)/actividad-reto";
			};
			name = Release;
		};
		CD37EBF52FC4FB70005D26CF /* Debug */ = {
			isa = XCBuildConfiguration;
			buildSettings = {
				CODE_SIGN_STYLE = Automatic;
				CURRENT_PROJECT_VERSION = 1;
				GENERATE_INFOPLIST_FILE = YES;
				MARKETING_VERSION = 1.0;
				PRODUCT_BUNDLE_IDENTIFIER = "tecsup.edu.pe.actividad-retoUITests";
				PRODUCT_NAME = "$(TARGET_NAME)";
				STRING_CATALOG_GENERATE_SYMBOLS = NO;
				SWIFT_APPROACHABLE_CONCURRENCY = YES;
				SWIFT_EMIT_LOC_STRINGS = NO;
				SWIFT_UPCOMING_FEATURE_MEMBER_IMPORT_VISIBILITY = YES;
				SWIFT_VERSION = 5.0;
				TARGETED_DEVICE_FAMILY = "1,2";
				TEST_TARGET_NAME = "actividad-reto";
			};
			name = Debug;
		};
		CD37EBF62FC4FB70005D26CF /* Release */ = {
			isa = XCBuildConfiguration;
			buildSettings = {
				CODE_SIGN_STYLE = Automatic;
				CURRENT_PROJECT_VERSION = 1;
				GENERATE_INFOPLIST_FILE = YES;
				MARKETING_VERSION = 1.0;
				PRODUCT_BUNDLE_IDENTIFIER = "tecsup.edu.pe.actividad-retoUITests";
				PRODUCT_NAME = "$(TARGET_NAME)";
				STRING_CATALOG_GENERATE_SYMBOLS = NO;
				SWIFT_APPROACHABLE_CONCURRENCY = YES;
				SWIFT_EMIT_LOC_STRINGS = NO;
				SWIFT_UPCOMING_FEATURE_MEMBER_IMPORT_VISIBILITY = YES;
				SWIFT_VERSION = 5.0;
				TARGETED_DEVICE_FAMILY = "1,2";
				TEST_TARGET_NAME = "actividad-reto";
			};
			name = Release;
		};
/* End XCBuildConfiguration section */

/* Begin XCConfigurationList section */
		CD37EBC62FC4FB6D005D26CF /* Build configuration list for PBXProject "actividad-reto" */ = {
			isa = XCConfigurationList;
			buildConfigurations = (
				CD37EBEC2FC4FB70005D26CF /* Debug */,
				CD37EBED2FC4FB70005D26CF /* Release */,
			);
			defaultConfigurationIsVisible = 0;
			defaultConfigurationName = Release;
		};
		CD37EBEE2FC4FB70005D26CF /* Build configuration list for PBXNativeTarget "actividad-reto" */ = {
			isa = XCConfigurationList;
			buildConfigurations = (
				CD37EBEF2FC4FB70005D26CF /* Debug */,
				CD37EBF02FC4FB70005D26CF /* Release */,
			);
			defaultConfigurationIsVisible = 0;
			defaultConfigurationName = Release;
		};
		CD37EBF12FC4FB70005D26CF /* Build configuration list for PBXNativeTarget "actividad-retoTests" */ = {
			isa = XCConfigurationList;
			buildConfigurations = (
				CD37EBF22FC4FB70005D26CF /* Debug */,
				CD37EBF32FC4FB70005D26CF /* Release */,
			);
			defaultConfigurationIsVisible = 0;
			defaultConfigurationName = Release;
		};
		CD37EBF42FC4FB70005D26CF /* Build configuration list for PBXNativeTarget "actividad-retoUITests" */ = {
			isa = XCConfigurationList;
			buildConfigurations = (
				CD37EBF52FC4FB70005D26CF /* Debug */,
				CD37EBF62FC4FB70005D26CF /* Release */,
			);
			defaultConfigurationIsVisible = 0;
			defaultConfigurationName = Release;
		};
/* End XCConfigurationList section */
	};
	rootObject = CD37EBC32FC4FB6D005D26CF /* Project object */;
}
